dependencies:
  esp_lcd_touch:
    dependencies: []
    source:
      path: /Users/florinbaciu/workspaces/esp-idf-vscode/Lilygo-T-HMI_ESP-IDF_VSCode-Project/components/esp_lcd_touch
      type: local
    version: 1.1.2
  idf:
    source:
      type: idf
    version: 5.5.1
  lvgl/lvgl:
    component_hash: b702d642e03e95928046d5c6726558e6444e112420c77efa5fdb6650b0a13c5d
    dependencies: []
    source:
      registry_url: https://components.espressif.com/
      type: service
    version: 9.3.0
  tinyusb:
    dependencies: []
    source:
      path: /Users/florinbaciu/workspaces/esp-idf-vscode/Lilygo-T-HMI_ESP-IDF_VSCode-Project/components/tinyusb
      type: local
    version: 0.18.0~2
direct_dependencies:
- espressif/esp_lcd_touch
- espressif/tinyusb
- idf
- lvgl/lvgl
manifest_hash: 341454bbc3b1bcb0502551d8fbb3aabf0c39b3fcd7805d1b31ed0805670023c7
target: esp32s3
version: 2.0.0
