dependencies:
  esp_lcd_touch:
    dependencies: []
    source:
      path: 
        /Users/florinbaciu/Desktop/t-hmi-esp-idf-vscode-project/components/esp_lcd_touch
      type: local
    version: 1.1.2
  idf:
    source:
      type: idf
    version: 5.5.1
  lvgl/lvgl:
    component_hash: 
      17e68bfd21f0edf4c3ee838e2273da840bf3930e5dbc3bfa6c1190c3aed41f9f
    dependencies: []
    source:
      registry_url: https://components.espressif.com/
      type: service
    version: 9.4.0
  tinyusb:
    dependencies: []
    source:
      path: 
        /Users/florinbaciu/Desktop/t-hmi-esp-idf-vscode-project/components/tinyusb
      type: local
    version: 0.18.0~2
direct_dependencies:
- espressif/esp_lcd_touch
- espressif/tinyusb
- idf
- lvgl/lvgl
manifest_hash: 341454bbc3b1bcb0502551d8fbb3aabf0c39b3fcd7805d1b31ed0805670023c7
target: esp32s3
version: 2.0.0
